
Microsoft Visual Studio Solution File, Format Version 12.00
# Visual Studio Version 17
VisualStudioVersion = 17.11.35222.181
MinimumVisualStudioVersion = 10.0.40219.1
Project("{FAE04EC0-301F-11D3-BF4B-00C04F79EFBC}") = "KrasivoeNazvanie", "KrasivoeNazvanie\KrasivoeNazvanie.csproj", "{A727148D-6E31-4FC4-911F-D092FC25CCC8}"
EndProject
Global
	GlobalSection(SolutionConfigurationPlatforms) = preSolution
		Debug|Any CPU = Debug|Any CPU
		Release|Any CPU = Release|Any CPU
	EndGlobalSection
	GlobalSection(ProjectConfigurationPlatforms) = postSolution
		{A727148D-6E31-4FC4-911F-D092FC25CCC8}.Debug|Any CPU.ActiveCfg = Debug|Any CPU
		{A727148D-6E31-4FC4-911F-D092FC25CCC8}.Debug|Any CPU.Build.0 = Debug|Any CPU
		{A727148D-6E31-4FC4-911F-D092FC25CCC8}.Release|Any CPU.ActiveCfg = Release|Any CPU
		{A727148D-6E31-4FC4-911F-D092FC25CCC8}.Release|Any CPU.Build.0 = Release|Any CPU
	EndGlobalSection
	GlobalSection(SolutionProperties) = preSolution
		HideSolutionNode = FALSE
	EndGlobalSection
	GlobalSection(ExtensibilityGlobals) = postSolution
		SolutionGuid = {5DF561C6-8BAA-4DB5-BD70-2FB83FA82A0A}
	EndGlobalSection
EndGlobal
